
Microsoft Visual Studio Solution File, Format Version 12.00
# Visual Studio Version 17
VisualStudioVersion = 17.0.31903.59
MinimumVisualStudioVersion = 10.0.40219.1
Project("{FAE04EC0-301F-11D3-BF4B-00C04F79EFBC}") = "AL.Aplicacion", "AL.Aplicacion\AL.Aplicacion.csproj", "{DC76066D-E4EC-401E-873F-CD497DB7BDC7}"
EndProject
Project("{FAE04EC0-301F-11D3-BF4B-00C04F79EFBC}") = "AL.Repositorios", "AL.Repositorios\AL.Repositorios.csproj", "{649FCDE0-A886-4258-9840-147290DD5A91}"
EndProject
Project("{FAE04EC0-301F-11D3-BF4B-00C04F79EFBC}") = "AL.UI", "AL.UI\AL.UI.csproj", "{83647A52-8D5D-4B9B-B719-980B10929FA9}"
EndProject
Global
	GlobalSection(SolutionConfigurationPlatforms) = preSolution
		Debug|Any CPU = Debug|Any CPU
		Release|Any CPU = Release|Any CPU
	EndGlobalSection
	GlobalSection(SolutionProperties) = preSolution
		HideSolutionNode = FALSE
	EndGlobalSection
	GlobalSection(ProjectConfigurationPlatforms) = postSolution
		{DC76066D-E4EC-401E-873F-CD497DB7BDC7}.Debug|Any CPU.ActiveCfg = Debug|Any CPU
		{DC76066D-E4EC-401E-873F-CD497DB7BDC7}.Debug|Any CPU.Build.0 = Debug|Any CPU
		{DC76066D-E4EC-401E-873F-CD497DB7BDC7}.Release|Any CPU.ActiveCfg = Release|Any CPU
		{DC76066D-E4EC-401E-873F-CD497DB7BDC7}.Release|Any CPU.Build.0 = Release|Any CPU
		{649FCDE0-A886-4258-9840-147290DD5A91}.Debug|Any CPU.ActiveCfg = Debug|Any CPU
		{649FCDE0-A886-4258-9840-147290DD5A91}.Debug|Any CPU.Build.0 = Debug|Any CPU
		{649FCDE0-A886-4258-9840-147290DD5A91}.Release|Any CPU.ActiveCfg = Release|Any CPU
		{649FCDE0-A886-4258-9840-147290DD5A91}.Release|Any CPU.Build.0 = Release|Any CPU
		{83647A52-8D5D-4B9B-B719-980B10929FA9}.Debug|Any CPU.ActiveCfg = Debug|Any CPU
		{83647A52-8D5D-4B9B-B719-980B10929FA9}.Debug|Any CPU.Build.0 = Debug|Any CPU
		{83647A52-8D5D-4B9B-B719-980B10929FA9}.Release|Any CPU.ActiveCfg = Release|Any CPU
		{83647A52-8D5D-4B9B-B719-980B10929FA9}.Release|Any CPU.Build.0 = Release|Any CPU
	EndGlobalSection
EndGlobal
